
Microsoft Visual Studio Solution File, Format Version 12.00
# Visual Studio 15
VisualStudioVersion = 15.0.28010.2046
MinimumVisualStudioVersion = 10.0.40219.1
Project("{FAE04EC0-301F-11D3-BF4B-00C04F79EFBC}") = "SalesWebMVC", "SalesWebMVC\SalesWebMVC.csproj", "{8F004B92-4E5D-4546-BF91-080C5DE43AE3}"
EndProject
Global
	GlobalSection(SolutionConfigurationPlatforms) = preSolution
		Debug|Any CPU = Debug|Any CPU
		Release|Any CPU = Release|Any CPU
	EndGlobalSection
	GlobalSection(ProjectConfigurationPlatforms) = postSolution
		{8F004B92-4E5D-4546-BF91-080C5DE43AE3}.Debug|Any CPU.ActiveCfg = Debug|Any CPU
		{8F004B92-4E5D-4546-BF91-080C5DE43AE3}.Debug|Any CPU.Build.0 = Debug|Any CPU
		{8F004B92-4E5D-4546-BF91-080C5DE43AE3}.Release|Any CPU.ActiveCfg = Release|Any CPU
		{8F004B92-4E5D-4546-BF91-080C5DE43AE3}.Release|Any CPU.Build.0 = Release|Any CPU
	EndGlobalSection
	GlobalSection(SolutionProperties) = preSolution
		HideSolutionNode = FALSE
	EndGlobalSection
	GlobalSection(ExtensibilityGlobals) = postSolution
		SolutionGuid = {AEA2336C-7B74-4411-A21E-6B4D92DCA2C6}
	EndGlobalSection
EndGlobal
